
Microsoft Visual Studio Solution File, Format Version 12.00
# Visual Studio 15
VisualStudioVersion = 15.0.28307.168
MinimumVisualStudioVersion = 10.0.40219.1
Project("{FAE04EC0-301F-11D3-BF4B-00C04F79EFBC}") = "WebAppMVC", "WebAppMVC\WebAppMVC.csproj", "{17D32585-FD53-48F0-B4A7-399150988BA9}"
EndProject
Project("{FAE04EC0-301F-11D3-BF4B-00C04F79EFBC}") = "WebAppMVC.Tests", "WebAppMVC.Tests\WebAppMVC.Tests.csproj", "{37238EC4-7D30-4BE0-8B36-1D57AADE93BA}"
EndProject
Global
	GlobalSection(SolutionConfigurationPlatforms) = preSolution
		Debug|Any CPU = Debug|Any CPU
		Release|Any CPU = Release|Any CPU
	EndGlobalSection
	GlobalSection(ProjectConfigurationPlatforms) = postSolution
		{17D32585-FD53-48F0-B4A7-399150988BA9}.Debug|Any CPU.ActiveCfg = Debug|Any CPU
		{17D32585-FD53-48F0-B4A7-399150988BA9}.Debug|Any CPU.Build.0 = Debug|Any CPU
		{17D32585-FD53-48F0-B4A7-399150988BA9}.Release|Any CPU.ActiveCfg = Release|Any CPU
		{17D32585-FD53-48F0-B4A7-399150988BA9}.Release|Any CPU.Build.0 = Release|Any CPU
		{37238EC4-7D30-4BE0-8B36-1D57AADE93BA}.Debug|Any CPU.ActiveCfg = Debug|Any CPU
		{37238EC4-7D30-4BE0-8B36-1D57AADE93BA}.Debug|Any CPU.Build.0 = Debug|Any CPU
		{37238EC4-7D30-4BE0-8B36-1D57AADE93BA}.Release|Any CPU.ActiveCfg = Release|Any CPU
		{37238EC4-7D30-4BE0-8B36-1D57AADE93BA}.Release|Any CPU.Build.0 = Release|Any CPU
	EndGlobalSection
	GlobalSection(SolutionProperties) = preSolution
		HideSolutionNode = FALSE
	EndGlobalSection
	GlobalSection(ExtensibilityGlobals) = postSolution
		SolutionGuid = {95295213-64AA-48B3-BB6B-E91AB39E8690}
	EndGlobalSection
EndGlobal
